
Microsoft Visual Studio Solution File, Format Version 11.00
# Visual Studio 2010
Project("{FAE04EC0-301F-11D3-BF4B-00C04F79EFBC}") = "aliyunService", "aliyunService\aliyunService.csproj", "{57513813-288D-4D83-AF43-DBE308D761B6}"
EndProject
Project("{FAE04EC0-301F-11D3-BF4B-00C04F79EFBC}") = "ClassLibrary2", "ClassLibrary2\ClassLibrary2.csproj", "{FC174B4E-4733-4E52-91A9-D9AA0C1106BC}"
EndProject
Project("{FAE04EC0-301F-11D3-BF4B-00C04F79EFBC}") = "MobilePocService", "MobilePocService\MobilePocService.csproj", "{9EE92574-622B-47F3-A688-A2F90B519D96}"
EndProject
Project("{FAE04EC0-301F-11D3-BF4B-00C04F79EFBC}") = "WebUnicomAction", "WebUnicomAction\WebUnicomAction.csproj", "{1C473AEE-5E64-4186-81D7-E6D40439022D}"
EndProject
Global
	GlobalSection(SolutionConfigurationPlatforms) = preSolution
		Debug|Any CPU = Debug|Any CPU
		Debug|Mixed Platforms = Debug|Mixed Platforms
		Debug|x86 = Debug|x86
		Release|Any CPU = Release|Any CPU
		Release|Mixed Platforms = Release|Mixed Platforms
		Release|x86 = Release|x86
	EndGlobalSection
	GlobalSection(ProjectConfigurationPlatforms) = postSolution
		{57513813-288D-4D83-AF43-DBE308D761B6}.Debug|Any CPU.ActiveCfg = Debug|x86
		{57513813-288D-4D83-AF43-DBE308D761B6}.Debug|Mixed Platforms.ActiveCfg = Debug|x86
		{57513813-288D-4D83-AF43-DBE308D761B6}.Debug|Mixed Platforms.Build.0 = Debug|x86
		{57513813-288D-4D83-AF43-DBE308D761B6}.Debug|x86.ActiveCfg = Debug|x86
		{57513813-288D-4D83-AF43-DBE308D761B6}.Debug|x86.Build.0 = Debug|x86
		{57513813-288D-4D83-AF43-DBE308D761B6}.Release|Any CPU.ActiveCfg = Release|x86
		{57513813-288D-4D83-AF43-DBE308D761B6}.Release|Mixed Platforms.ActiveCfg = Release|x86
		{57513813-288D-4D83-AF43-DBE308D761B6}.Release|Mixed Platforms.Build.0 = Release|x86
		{57513813-288D-4D83-AF43-DBE308D761B6}.Release|x86.ActiveCfg = Release|x86
		{57513813-288D-4D83-AF43-DBE308D761B6}.Release|x86.Build.0 = Release|x86
		{FC174B4E-4733-4E52-91A9-D9AA0C1106BC}.Debug|Any CPU.ActiveCfg = Debug|Any CPU
		{FC174B4E-4733-4E52-91A9-D9AA0C1106BC}.Debug|Any CPU.Build.0 = Debug|Any CPU
		{FC174B4E-4733-4E52-91A9-D9AA0C1106BC}.Debug|Mixed Platforms.ActiveCfg = Debug|Any CPU
		{FC174B4E-4733-4E52-91A9-D9AA0C1106BC}.Debug|Mixed Platforms.Build.0 = Debug|Any CPU
		{FC174B4E-4733-4E52-91A9-D9AA0C1106BC}.Debug|x86.ActiveCfg = Debug|Any CPU
		{FC174B4E-4733-4E52-91A9-D9AA0C1106BC}.Release|Any CPU.ActiveCfg = Release|Any CPU
		{FC174B4E-4733-4E52-91A9-D9AA0C1106BC}.Release|Any CPU.Build.0 = Release|Any CPU
		{FC174B4E-4733-4E52-91A9-D9AA0C1106BC}.Release|Mixed Platforms.ActiveCfg = Release|Any CPU
		{FC174B4E-4733-4E52-91A9-D9AA0C1106BC}.Release|Mixed Platforms.Build.0 = Release|Any CPU
		{FC174B4E-4733-4E52-91A9-D9AA0C1106BC}.Release|x86.ActiveCfg = Release|Any CPU
		{9EE92574-622B-47F3-A688-A2F90B519D96}.Debug|Any CPU.ActiveCfg = Debug|Any CPU
		{9EE92574-622B-47F3-A688-A2F90B519D96}.Debug|Any CPU.Build.0 = Debug|Any CPU
		{9EE92574-622B-47F3-A688-A2F90B519D96}.Debug|Mixed Platforms.ActiveCfg = Debug|Any CPU
		{9EE92574-622B-47F3-A688-A2F90B519D96}.Debug|Mixed Platforms.Build.0 = Debug|Any CPU
		{9EE92574-622B-47F3-A688-A2F90B519D96}.Debug|x86.ActiveCfg = Debug|Any CPU
		{9EE92574-622B-47F3-A688-A2F90B519D96}.Release|Any CPU.ActiveCfg = Release|Any CPU
		{9EE92574-622B-47F3-A688-A2F90B519D96}.Release|Any CPU.Build.0 = Release|Any CPU
		{9EE92574-622B-47F3-A688-A2F90B519D96}.Release|Mixed Platforms.ActiveCfg = Release|Any CPU
		{9EE92574-622B-47F3-A688-A2F90B519D96}.Release|Mixed Platforms.Build.0 = Release|Any CPU
		{9EE92574-622B-47F3-A688-A2F90B519D96}.Release|x86.ActiveCfg = Release|Any CPU
		{1C473AEE-5E64-4186-81D7-E6D40439022D}.Debug|Any CPU.ActiveCfg = Debug|Any CPU
		{1C473AEE-5E64-4186-81D7-E6D40439022D}.Debug|Any CPU.Build.0 = Debug|Any CPU
		{1C473AEE-5E64-4186-81D7-E6D40439022D}.Debug|Mixed Platforms.ActiveCfg = Debug|Any CPU
		{1C473AEE-5E64-4186-81D7-E6D40439022D}.Debug|Mixed Platforms.Build.0 = Debug|Any CPU
		{1C473AEE-5E64-4186-81D7-E6D40439022D}.Debug|x86.ActiveCfg = Debug|Any CPU
		{1C473AEE-5E64-4186-81D7-E6D40439022D}.Release|Any CPU.ActiveCfg = Release|Any CPU
		{1C473AEE-5E64-4186-81D7-E6D40439022D}.Release|Any CPU.Build.0 = Release|Any CPU
		{1C473AEE-5E64-4186-81D7-E6D40439022D}.Release|Mixed Platforms.ActiveCfg = Release|Any CPU
		{1C473AEE-5E64-4186-81D7-E6D40439022D}.Release|Mixed Platforms.Build.0 = Release|Any CPU
		{1C473AEE-5E64-4186-81D7-E6D40439022D}.Release|x86.ActiveCfg = Release|Any CPU
	EndGlobalSection
	GlobalSection(SolutionProperties) = preSolution
		HideSolutionNode = FALSE
	EndGlobalSection
EndGlobal
